
Microsoft Visual Studio Solution File, Format Version 12.00
# Visual Studio Version 16
VisualStudioVersion = 16.0.30320.27
MinimumVisualStudioVersion = 10.0.40219.1
Project("{FAE04EC0-301F-11D3-BF4B-00C04F79EFBC}") = "LINQListColdWeather", "LINQListColdWeather.csproj", "{DC962438-A0E9-4853-A635-A513B6825879}"
EndProject
Global
	GlobalSection(SolutionConfigurationPlatforms) = preSolution
		Debug|Any CPU = Debug|Any CPU
		Release|Any CPU = Release|Any CPU
	EndGlobalSection
	GlobalSection(ProjectConfigurationPlatforms) = postSolution
		{DC962438-A0E9-4853-A635-A513B6825879}.Debug|Any CPU.ActiveCfg = Debug|Any CPU
		{DC962438-A0E9-4853-A635-A513B6825879}.Debug|Any CPU.Build.0 = Debug|Any CPU
		{DC962438-A0E9-4853-A635-A513B6825879}.Release|Any CPU.ActiveCfg = Release|Any CPU
		{DC962438-A0E9-4853-A635-A513B6825879}.Release|Any CPU.Build.0 = Release|Any CPU
	EndGlobalSection
	GlobalSection(SolutionProperties) = preSolution
		HideSolutionNode = FALSE
	EndGlobalSection
	GlobalSection(ExtensibilityGlobals) = postSolution
		SolutionGuid = {410023CE-DBDF-48A9-AF86-968D79A5CF50}
	EndGlobalSection
EndGlobal
